
Microsoft Visual Studio Solution File, Format Version 12.00
Project("{FAE04EC0-301F-11D3-BF4B-00C04F79EFBC}") = "TcpProxy", "TcpProxy\TcpProxy.csproj", "{5F20842D-CB0B-428D-9205-0AEEFDE8918B}"
EndProject
Project("{FAE04EC0-301F-11D3-BF4B-00C04F79EFBC}") = "EchoServer", "EchoServer\EchoServer.csproj", "{D1A0842D-4E04-4313-9036-1B501D0842D6}"
EndProject
Global
	GlobalSection(SolutionConfigurationPlatforms) = preSolution
		Debug|Any CPU = Debug|Any CPU
		Release|Any CPU = Release|Any CPU
	EndGlobalSection
	GlobalSection(ProjectConfigurationPlatforms) = postSolution
		{5F20842D-CB0B-428D-9205-0AEEFDE8918B}.Debug|Any CPU.ActiveCfg = Debug|Any CPU
		{5F20842D-CB0B-428D-9205-0AEEFDE8918B}.Debug|Any CPU.Build.0 = Debug|Any CPU
		{5F20842D-CB0B-428D-9205-0AEEFDE8918B}.Release|Any CPU.ActiveCfg = Release|Any CPU
		{5F20842D-CB0B-428D-9205-0AEEFDE8918B}.Release|Any CPU.Build.0 = Release|Any CPU
		{D1A0842D-4E04-4313-9036-1B501D0842D6}.Debug|Any CPU.ActiveCfg = Debug|Any CPU
		{D1A0842D-4E04-4313-9036-1B501D0842D6}.Debug|Any CPU.Build.0 = Debug|Any CPU
		{D1A0842D-4E04-4313-9036-1B501D0842D6}.Release|Any CPU.ActiveCfg = Release|Any CPU
		{D1A0842D-4E04-4313-9036-1B501D0842D6}.Release|Any CPU.Build.0 = Release|Any CPU
	EndGlobalSection
EndGlobal
